{
    "_readme": [
        "This file locks the dependencies of your project to a known state",
        "Read more about it at https://getcomposer.org/doc/01-basic-usage.md#installing-dependencies",
        "This file is @generated automatically"
    ],
    "content-hash": "6750620b4e64c446e8d1b6a7d05fa4c9",
    "packages": [
        {
            "name": "google/protobuf",
            "version": "v3.8.0",
            "source": {
                "type": "git",
                "url": "https://github.com/protocolbuffers/protobuf-php.git",
                "reference": "a257235dc1a0d45f8cfc641d0c2ad852f57396c4"
            },
            "dist": {
                "type": "zip",
                "url": "https://api.github.com/repos/protocolbuffers/protobuf-php/zipball/a257235dc1a0d45f8cfc641d0c2ad852f57396c4",
                "reference": "a257235dc1a0d45f8cfc641d0c2ad852f57396c4",
                "shasum": "",
                "mirrors": [
                    {
                        "url": "https://dl.laravel-china.org/%package%/%reference%.%type%",
                        "preferred": true
                    }
                ]
            },
            "require": {
                "php": ">=5.5.0"
            },
            "require-dev": {
                "phpunit/phpunit": ">=4.8.0"
            },
            "suggest": {
                "ext-bcmath": "Need to support JSON deserialization"
            },
            "type": "library",
            "autoload": {
                "psr-4": {
                    "Google\\Protobuf\\": "src/Google/Protobuf",
                    "GPBMetadata\\Google\\Protobuf\\": "src/GPBMetadata/Google/Protobuf"
                }
            },
            "notification-url": "https://packagist.org/downloads/",
            "license": [
                "BSD-3-Clause"
            ],
            "description": "proto library for PHP",
            "homepage": "https://developers.google.com/protocol-buffers/",
            "keywords": [
                "proto"
            ],
            "time": "2019-05-29T00:06:29+00:00"
        },
        {
            "name": "swoole/etcd-client",
            "version": "dev-master",
            "source": {
                "type": "git",
                "url": "https://github.com/swoole/grpc-client.git",
                "reference": "c78779061e4f0e3f86a4bb8d9ab8ae27c346f7a8"
            },
            "dist": {
                "type": "zip",
                "url": "https://api.github.com/repos/swoole/grpc-client/zipball/c78779061e4f0e3f86a4bb8d9ab8ae27c346f7a8",
                "reference": "c78779061e4f0e3f86a4bb8d9ab8ae27c346f7a8",
                "shasum": "",
                "mirrors": [
                    {
                        "url": "https://dl.laravel-china.org/%package%/%reference%.%type%",
                        "preferred": true
                    }
                ]
            },
            "require": {
                "google/protobuf": "^3",
                "php": ">=7.1"
            },
            "type": "library",
            "autoload": {
                "classmap": [
                    "src/Grpc",
                    "src/Etcd"
                ],
                "files": [
                    "src/include/functions.php"
                ]
            },
            "notification-url": "https://packagist.org/downloads/",
            "license": [
                "Apache-2.0"
            ],
            "authors": [
                {
                    "name": "twosee",
                    "email": "twose@qq.com"
                }
            ],
            "description": "Grpc PHP Client base on Swoole Http2 Coroutine",
            "keywords": [
                "client",
                "coroutine",
                "etcd",
                "gRPC",
                "http",
                "http2",
                "php",
                "swoole"
            ],
            "time": "2018-12-27T15:04:48+00:00"
        }
    ],
    "packages-dev": [],
    "aliases": [],
    "minimum-stability": "dev",
    "stability-flags": {
        "swoole/etcd-client": 20
    },
    "prefer-stable": false,
    "prefer-lowest": false,
    "platform": [],
    "platform-dev": []
}
